// !$*UTF8*$!
{
	archiveVersion = 1;
	classes = {
	};
	objectVersion = 56;
	objects = {

/* Begin PBXBuildFile section */
		6C03ADF62B5E22B5008849D8 /* MainTabView.swift in Sources */ = {isa = PBXBuildFile; fileRef = 6C03ADF52B5E22B5008849D8 /* MainTabView.swift */; };
		6C03ADF82B5E2303008849D8 /* SearchMoviesView.swift in Sources */ = {isa = PBXBuildFile; fileRef = 6C03ADF72B5E2303008849D8 /* SearchMoviesView.swift */; };
		6C03ADFB2B5E2349008849D8 /* SearchMoviesViewModel.swift in Sources */ = {isa = PBXBuildFile; fileRef = 6C03ADFA2B5E2349008849D8 /* SearchMoviesViewModel.swift */; };
		6C03ADFD2B5E27B6008849D8 /* TrailerCellView.swift in Sources */ = {isa = PBXBuildFile; fileRef = 6C03ADFC2B5E27B6008849D8 /* TrailerCellView.swift */; };
		6C03ADFF2B5E292F008849D8 /* RemoteImageMovie.swift in Sources */ = {isa = PBXBuildFile; fileRef = 6C03ADFE2B5E292F008849D8 /* RemoteImageMovie.swift */; };
		6C62ED5E2B5C39AB00A3AC57 /* TrailerModel.swift in Sources */ = {isa = PBXBuildFile; fileRef = 6C62ED5D2B5C39AB00A3AC57 /* TrailerModel.swift */; };
		6C62ED602B5C3A6B00A3AC57 /* TrailerViewModel.swift in Sources */ = {isa = PBXBuildFile; fileRef = 6C62ED5F2B5C3A6B00A3AC57 /* TrailerViewModel.swift */; };
		6C62ED632B5C3B0E00A3AC57 /* YouTubeiOSPlayerHelper in Frameworks */ = {isa = PBXBuildFile; productRef = 6C62ED622B5C3B0E00A3AC57 /* YouTubeiOSPlayerHelper */; };
		6C6943422B5A12CE0009FF90 /* MoviesDemoApp.swift in Sources */ = {isa = PBXBuildFile; fileRef = 6C6943412B5A12CE0009FF90 /* MoviesDemoApp.swift */; };
		6C6943442B5A12CE0009FF90 /* ContentView.swift in Sources */ = {isa = PBXBuildFile; fileRef = 6C6943432B5A12CE0009FF90 /* ContentView.swift */; };
		6C6943462B5A12D00009FF90 /* Assets.xcassets in Resources */ = {isa = PBXBuildFile; fileRef = 6C6943452B5A12D00009FF90 /* Assets.xcassets */; };
		6C6943492B5A12D00009FF90 /* Preview Assets.xcassets in Resources */ = {isa = PBXBuildFile; fileRef = 6C6943482B5A12D00009FF90 /* Preview Assets.xcassets */; };
		6C6943502B5A13090009FF90 /* NetworkManager.swift in Sources */ = {isa = PBXBuildFile; fileRef = 6C69434F2B5A13090009FF90 /* NetworkManager.swift */; };
		6C6943522B5A13E00009FF90 /* MovieDataModel.swift in Sources */ = {isa = PBXBuildFile; fileRef = 6C6943512B5A13E00009FF90 /* MovieDataModel.swift */; };
		6C6943552B5A15DA0009FF90 /* MoviesViewModel.swift in Sources */ = {isa = PBXBuildFile; fileRef = 6C6943542B5A15DA0009FF90 /* MoviesViewModel.swift */; };
		6C6943582B5A16DA0009FF90 /* MoviesView.swift in Sources */ = {isa = PBXBuildFile; fileRef = 6C6943572B5A16DA0009FF90 /* MoviesView.swift */; };
		6C69435B2B5A17C80009FF90 /* Kingfisher in Frameworks */ = {isa = PBXBuildFile; productRef = 6C69435A2B5A17C80009FF90 /* Kingfisher */; };
		6CD9B4D02B5BB1EB00A8F730 /* MovieDetailView.swift in Sources */ = {isa = PBXBuildFile; fileRef = 6CD9B4CF2B5BB1EB00A8F730 /* MovieDetailView.swift */; };
/* End PBXBuildFile section */

/* Begin PBXFileReference section */
		6C03ADF52B5E22B5008849D8 /* MainTabView.swift */ = {isa = PBXFileReference; lastKnownFileType = sourcecode.swift; path = MainTabView.swift; sourceTree = "<group>"; };
		6C03ADF72B5E2303008849D8 /* SearchMoviesView.swift */ = {isa = PBXFileReference; lastKnownFileType = sourcecode.swift; path = SearchMoviesView.swift; sourceTree = "<group>"; };
		6C03ADFA2B5E2349008849D8 /* SearchMoviesViewModel.swift */ = {isa = PBXFileReference; lastKnownFileType = sourcecode.swift; path = SearchMoviesViewModel.swift; sourceTree = "<group>"; };
		6C03ADFC2B5E27B6008849D8 /* TrailerCellView.swift */ = {isa = PBXFileReference; lastKnownFileType = sourcecode.swift; path = TrailerCellView.swift; sourceTree = "<group>"; };
		6C03ADFE2B5E292F008849D8 /* RemoteImageMovie.swift */ = {isa = PBXFileReference; lastKnownFileType = sourcecode.swift; path = RemoteImageMovie.swift; sourceTree = "<group>"; };
		6C62ED5D2B5C39AB00A3AC57 /* TrailerModel.swift */ = {isa = PBXFileReference; lastKnownFileType = sourcecode.swift; path = TrailerModel.swift; sourceTree = "<group>"; };
		6C62ED5F2B5C3A6B00A3AC57 /* TrailerViewModel.swift */ = {isa = PBXFileReference; lastKnownFileType = sourcecode.swift; path = TrailerViewModel.swift; sourceTree = "<group>"; };
		6C69433E2B5A12CE0009FF90 /* MoviesDemo.app */ = {isa = PBXFileReference; explicitFileType = wrapper.application; includeInIndex = 0; path = MoviesDemo.app; sourceTree = BUILT_PRODUCTS_DIR; };
		6C6943412B5A12CE0009FF90 /* MoviesDemoApp.swift */ = {isa = PBXFileReference; lastKnownFileType = sourcecode.swift; path = MoviesDemoApp.swift; sourceTree = "<group>"; };
		6C6943432B5A12CE0009FF90 /* ContentView.swift */ = {isa = PBXFileReference; lastKnownFileType = sourcecode.swift; path = ContentView.swift; sourceTree = "<group>"; };
		6C6943452B5A12D00009FF90 /* Assets.xcassets */ = {isa = PBXFileReference; lastKnownFileType = folder.assetcatalog; path = Assets.xcassets; sourceTree = "<group>"; };
		6C6943482B5A12D00009FF90 /* Preview Assets.xcassets */ = {isa = PBXFileReference; lastKnownFileType = folder.assetcatalog; path = "Preview Assets.xcassets"; sourceTree = "<group>"; };
		6C69434F2B5A13090009FF90 /* NetworkManager.swift */ = {isa = PBXFileReference; lastKnownFileType = sourcecode.swift; path = NetworkManager.swift; sourceTree = "<group>"; };
		6C6943512B5A13E00009FF90 /* MovieDataModel.swift */ = {isa = PBXFileReference; lastKnownFileType = sourcecode.swift; path = MovieDataModel.swift; sourceTree = "<group>"; };
		6C6943542B5A15DA0009FF90 /* MoviesViewModel.swift */ = {isa = PBXFileReference; lastKnownFileType = sourcecode.swift; path = MoviesViewModel.swift; sourceTree = "<group>"; };
		6C6943572B5A16DA0009FF90 /* MoviesView.swift */ = {isa = PBXFileReference; lastKnownFileType = sourcecode.swift; path = MoviesView.swift; sourceTree = "<group>"; };
		6CD9B4CF2B5BB1EB00A8F730 /* MovieDetailView.swift */ = {isa = PBXFileReference; lastKnownFileType = sourcecode.swift; path = MovieDetailView.swift; sourceTree = "<group>"; };
/* End PBXFileReference section */

/* Begin PBXFrameworksBuildPhase section */
		6C69433B2B5A12CE0009FF90 /* Frameworks */ = {
			isa = PBXFrameworksBuildPhase;
			buildActionMask = 2147483647;
			files = (
				6C69435B2B5A17C80009FF90 /* Kingfisher in Frameworks */,
				6C62ED632B5C3B0E00A3AC57 /* YouTubeiOSPlayerHelper in Frameworks */,
			);
			runOnlyForDeploymentPostprocessing = 0;
		};
/* End PBXFrameworksBuildPhase section */

/* Begin PBXGroup section */
		6C03ADF92B5E233A008849D8 /* SearchMovies */ = {
			isa = PBXGroup;
			children = (
				6C03ADF72B5E2303008849D8 /* SearchMoviesView.swift */,
				6C03ADFA2B5E2349008849D8 /* SearchMoviesViewModel.swift */,
			);
			path = SearchMovies;
			sourceTree = "<group>";
		};
		6C62ED5C2B5C39A100A3AC57 /* Model */ = {
			isa = PBXGroup;
			children = (
				6C62ED5D2B5C39AB00A3AC57 /* TrailerModel.swift */,
			);
			path = Model;
			sourceTree = "<group>";
		};
		6C6943352B5A12CE0009FF90 = {
			isa = PBXGroup;
			children = (
				6C6943402B5A12CE0009FF90 /* MoviesDemo */,
				6C69433F2B5A12CE0009FF90 /* Products */,
			);
			sourceTree = "<group>";
		};
		6C69433F2B5A12CE0009FF90 /* Products */ = {
			isa = PBXGroup;
			children = (
				6C69433E2B5A12CE0009FF90 /* MoviesDemo.app */,
			);
			name = Products;
			sourceTree = "<group>";
		};
		6C6943402B5A12CE0009FF90 /* MoviesDemo */ = {
			isa = PBXGroup;
			children = (
				6C62ED5C2B5C39A100A3AC57 /* Model */,
				6C6943562B5A16D00009FF90 /* View */,
				6C6943532B5A15C90009FF90 /* ViewModel */,
				6C6943412B5A12CE0009FF90 /* MoviesDemoApp.swift */,
				6C6943432B5A12CE0009FF90 /* ContentView.swift */,
				6C6943452B5A12D00009FF90 /* Assets.xcassets */,
				6C6943472B5A12D00009FF90 /* Preview Content */,
				6C69434F2B5A13090009FF90 /* NetworkManager.swift */,
				6C6943512B5A13E00009FF90 /* MovieDataModel.swift */,
				6C03ADF52B5E22B5008849D8 /* MainTabView.swift */,
				6C03ADF92B5E233A008849D8 /* SearchMovies */,
				6C03ADFC2B5E27B6008849D8 /* TrailerCellView.swift */,
			);
			path = MoviesDemo;
			sourceTree = "<group>";
		};
		6C6943472B5A12D00009FF90 /* Preview Content */ = {
			isa = PBXGroup;
			children = (
				6C6943482B5A12D00009FF90 /* Preview Assets.xcassets */,
			);
			path = "Preview Content";
			sourceTree = "<group>";
		};
		6C6943532B5A15C90009FF90 /* ViewModel */ = {
			isa = PBXGroup;
			children = (
				6C6943542B5A15DA0009FF90 /* MoviesViewModel.swift */,
				6C62ED5F2B5C3A6B00A3AC57 /* TrailerViewModel.swift */,
			);
			path = ViewModel;
			sourceTree = "<group>";
		};
		6C6943562B5A16D00009FF90 /* View */ = {
			isa = PBXGroup;
			children = (
				6C6943572B5A16DA0009FF90 /* MoviesView.swift */,
				6CD9B4CF2B5BB1EB00A8F730 /* MovieDetailView.swift */,
				6C03ADFE2B5E292F008849D8 /* RemoteImageMovie.swift */,
			);
			path = View;
			sourceTree = "<group>";
		};
/* End PBXGroup section */

/* Begin PBXNativeTarget section */
		6C69433D2B5A12CE0009FF90 /* MoviesDemo */ = {
			isa = PBXNativeTarget;
			buildConfigurationList = 6C69434C2B5A12D00009FF90 /* Build configuration list for PBXNativeTarget "MoviesDemo" */;
			buildPhases = (
				6C69433A2B5A12CE0009FF90 /* Sources */,
				6C69433B2B5A12CE0009FF90 /* Frameworks */,
				6C69433C2B5A12CE0009FF90 /* Resources */,
			);
			buildRules = (
			);
			dependencies = (
			);
			name = MoviesDemo;
			packageProductDependencies = (
				6C69435A2B5A17C80009FF90 /* Kingfisher */,
				6C62ED622B5C3B0E00A3AC57 /* YouTubeiOSPlayerHelper */,
			);
			productName = MoviesDemo;
			productReference = 6C69433E2B5A12CE0009FF90 /* MoviesDemo.app */;
			productType = "com.apple.product-type.application";
		};
/* End PBXNativeTarget section */

/* Begin PBXProject section */
		6C6943362B5A12CE0009FF90 /* Project object */ = {
			isa = PBXProject;
			attributes = {
				BuildIndependentTargetsInParallel = 1;
				LastSwiftUpdateCheck = 1520;
				LastUpgradeCheck = 1520;
				TargetAttributes = {
					6C69433D2B5A12CE0009FF90 = {
						CreatedOnToolsVersion = 15.2;
					};
				};
			};
			buildConfigurationList = 6C6943392B5A12CE0009FF90 /* Build configuration list for PBXProject "MoviesDemo" */;
			compatibilityVersion = "Xcode 14.0";
			developmentRegion = en;
			hasScannedForEncodings = 0;
			knownRegions = (
				en,
				Base,
			);
			mainGroup = 6C6943352B5A12CE0009FF90;
			packageReferences = (
				6C6943592B5A17C80009FF90 /* XCRemoteSwiftPackageReference "Kingfisher" */,
				6C62ED612B5C3B0E00A3AC57 /* XCRemoteSwiftPackageReference "youtube-ios-player-helper" */,
			);
			productRefGroup = 6C69433F2B5A12CE0009FF90 /* Products */;
			projectDirPath = "";
			projectRoot = "";
			targets = (
				6C69433D2B5A12CE0009FF90 /* MoviesDemo */,
			);
		};
/* End PBXProject section */

/* Begin PBXResourcesBuildPhase section */
		6C69433C2B5A12CE0009FF90 /* Resources */ = {
			isa = PBXResourcesBuildPhase;
			buildActionMask = 2147483647;
			files = (
				6C6943492B5A12D00009FF90 /* Preview Assets.xcassets in Resources */,
				6C6943462B5A12D00009FF90 /* Assets.xcassets in Resources */,
			);
			runOnlyForDeploymentPostprocessing = 0;
		};
/* End PBXResourcesBuildPhase section */

/* Begin PBXSourcesBuildPhase section */
		6C69433A2B5A12CE0009FF90 /* Sources */ = {
			isa = PBXSourcesBuildPhase;
			buildActionMask = 2147483647;
			files = (
				6C6943502B5A13090009FF90 /* NetworkManager.swift in Sources */,
				6C62ED5E2B5C39AB00A3AC57 /* TrailerModel.swift in Sources */,
				6C03ADFF2B5E292F008849D8 /* RemoteImageMovie.swift in Sources */,
				6C6943582B5A16DA0009FF90 /* MoviesView.swift in Sources */,
				6C6943442B5A12CE0009FF90 /* ContentView.swift in Sources */,
				6C6943522B5A13E00009FF90 /* MovieDataModel.swift in Sources */,
				6C6943422B5A12CE0009FF90 /* MoviesDemoApp.swift in Sources */,
				6C6943552B5A15DA0009FF90 /* MoviesViewModel.swift in Sources */,
				6C03ADFB2B5E2349008849D8 /* SearchMoviesViewModel.swift in Sources */,
				6C03ADFD2B5E27B6008849D8 /* TrailerCellView.swift in Sources */,
				6C03ADF82B5E2303008849D8 /* SearchMoviesView.swift in Sources */,
				6C62ED602B5C3A6B00A3AC57 /* TrailerViewModel.swift in Sources */,
				6CD9B4D02B5BB1EB00A8F730 /* MovieDetailView.swift in Sources */,
				6C03ADF62B5E22B5008849D8 /* MainTabView.swift in Sources */,
			);
			runOnlyForDeploymentPostprocessing = 0;
		};
/* End PBXSourcesBuildPhase section */

/* Begin XCBuildConfiguration section */
		6C69434A2B5A12D00009FF90 /* Debug */ = {
			isa = XCBuildConfiguration;
			buildSettings = {
				ALWAYS_SEARCH_USER_PATHS = NO;
				ASSETCATALOG_COMPILER_GENERATE_SWIFT_ASSET_SYMBOL_EXTENSIONS = YES;
				CLANG_ANALYZER_NONNULL = YES;
				CLANG_ANALYZER_NUMBER_OBJECT_CONVERSION = YES_AGGRESSIVE;
				CLANG_CXX_LANGUAGE_STANDARD = "gnu++20";
				CLANG_ENABLE_MODULES = YES;
				CLANG_ENABLE_OBJC_ARC = YES;
				CLANG_ENABLE_OBJC_WEAK = YES;
				CLANG_WARN_BLOCK_CAPTURE_AUTORELEASING = YES;
				CLANG_WARN_BOOL_CONVERSION = YES;
				CLANG_WARN_COMMA = YES;
				CLANG_WARN_CONSTANT_CONVERSION = YES;
				CLANG_WARN_DEPRECATED_OBJC_IMPLEMENTATIONS = YES;
				CLANG_WARN_DIRECT_OBJC_ISA_USAGE = YES_ERROR;
				CLANG_WARN_DOCUMENTATION_COMMENTS = YES;
				CLANG_WARN_EMPTY_BODY = YES;
				CLANG_WARN_ENUM_CONVERSION = YES;
				CLANG_WARN_INFINITE_RECURSION = YES;
				CLANG_WARN_INT_CONVERSION = YES;
				CLANG_WARN_NON_LITERAL_NULL_CONVERSION = YES;
				CLANG_WARN_OBJC_IMPLICIT_RETAIN_SELF = YES;
				CLANG_WARN_OBJC_LITERAL_CONVERSION = YES;
				CLANG_WARN_OBJC_ROOT_CLASS = YES_ERROR;
				CLANG_WARN_QUOTED_INCLUDE_IN_FRAMEWORK_HEADER = YES;
				CLANG_WARN_RANGE_LOOP_ANALYSIS = YES;
				CLANG_WARN_STRICT_PROTOTYPES = YES;
				CLANG_WARN_SUSPICIOUS_MOVE = YES;
				CLANG_WARN_UNGUARDED_AVAILABILITY = YES_AGGRESSIVE;
				CLANG_WARN_UNREACHABLE_CODE = YES;
				CLANG_WARN__DUPLICATE_METHOD_MATCH = YES;
				COPY_PHASE_STRIP = NO;
				DEBUG_INFORMATION_FORMAT = dwarf;
				ENABLE_STRICT_OBJC_MSGSEND = YES;
				ENABLE_TESTABILITY = YES;
				ENABLE_USER_SCRIPT_SANDBOXING = YES;
				GCC_C_LANGUAGE_STANDARD = gnu17;
				GCC_DYNAMIC_NO_PIC = NO;
				GCC_NO_COMMON_BLOCKS = YES;
				GCC_OPTIMIZATION_LEVEL = 0;
				GCC_PREPROCESSOR_DEFINITIONS = (
					"DEBUG=1",
					"$(inherited)",
				);
				GCC_WARN_64_TO_32_BIT_CONVERSION = YES;
				GCC_WARN_ABOUT_RETURN_TYPE = YES_ERROR;
				GCC_WARN_UNDECLARED_SELECTOR = YES;
				GCC_WARN_UNINITIALIZED_AUTOS = YES_AGGRESSIVE;
				GCC_WARN_UNUSED_FUNCTION = YES;
				GCC_WARN_UNUSED_VARIABLE = YES;
				IPHONEOS_DEPLOYMENT_TARGET = 17.2;
				LOCALIZATION_PREFERS_STRING_CATALOGS = YES;
				MTL_ENABLE_DEBUG_INFO = INCLUDE_SOURCE;
				MTL_FAST_MATH = YES;
				ONLY_ACTIVE_ARCH = YES;
				SDKROOT = iphoneos;
				SWIFT_ACTIVE_COMPILATION_CONDITIONS = "DEBUG $(inherited)";
				SWIFT_OPTIMIZATION_LEVEL = "-Onone";
			};
			name = Debug;
		};
		6C69434B2B5A12D00009FF90 /* Release */ = {
			isa = XCBuildConfiguration;
			buildSettings = {
				ALWAYS_SEARCH_USER_PATHS = NO;
				ASSETCATALOG_COMPILER_GENERATE_SWIFT_ASSET_SYMBOL_EXTENSIONS = YES;
				CLANG_ANALYZER_NONNULL = YES;
				CLANG_ANALYZER_NUMBER_OBJECT_CONVERSION = YES_AGGRESSIVE;
				CLANG_CXX_LANGUAGE_STANDARD = "gnu++20";
				CLANG_ENABLE_MODULES = YES;
				CLANG_ENABLE_OBJC_ARC = YES;
				CLANG_ENABLE_OBJC_WEAK = YES;
				CLANG_WARN_BLOCK_CAPTURE_AUTORELEASING = YES;
				CLANG_WARN_BOOL_CONVERSION = YES;
				CLANG_WARN_COMMA = YES;
				CLANG_WARN_CONSTANT_CONVERSION = YES;
				CLANG_WARN_DEPRECATED_OBJC_IMPLEMENTATIONS = YES;
				CLANG_WARN_DIRECT_OBJC_ISA_USAGE = YES_ERROR;
				CLANG_WARN_DOCUMENTATION_COMMENTS = YES;
				CLANG_WARN_EMPTY_BODY = YES;
				CLANG_WARN_ENUM_CONVERSION = YES;
				CLANG_WARN_INFINITE_RECURSION = YES;
				CLANG_WARN_INT_CONVERSION = YES;
				CLANG_WARN_NON_LITERAL_NULL_CONVERSION = YES;
				CLANG_WARN_OBJC_IMPLICIT_RETAIN_SELF = YES;
				CLANG_WARN_OBJC_LITERAL_CONVERSION = YES;
				CLANG_WARN_OBJC_ROOT_CLASS = YES_ERROR;
				CLANG_WARN_QUOTED_INCLUDE_IN_FRAMEWORK_HEADER = YES;
				CLANG_WARN_RANGE_LOOP_ANALYSIS = YES;
				CLANG_WARN_STRICT_PROTOTYPES = YES;
				CLANG_WARN_SUSPICIOUS_MOVE = YES;
				CLANG_WARN_UNGUARDED_AVAILABILITY = YES_AGGRESSIVE;
				CLANG_WARN_UNREACHABLE_CODE = YES;
				CLANG_WARN__DUPLICATE_METHOD_MATCH = YES;
				COPY_PHASE_STRIP = NO;
				DEBUG_INFORMATION_FORMAT = "dwarf-with-dsym";
				ENABLE_NS_ASSERTIONS = NO;
				ENABLE_STRICT_OBJC_MSGSEND = YES;
				ENABLE_USER_SCRIPT_SANDBOXING = YES;
				GCC_C_LANGUAGE_STANDARD = gnu17;
				GCC_NO_COMMON_BLOCKS = YES;
				GCC_WARN_64_TO_32_BIT_CONVERSION = YES;
				GCC_WARN_ABOUT_RETURN_TYPE = YES_ERROR;
				GCC_WARN_UNDECLARED_SELECTOR = YES;
				GCC_WARN_UNINITIALIZED_AUTOS = YES_AGGRESSIVE;
				GCC_WARN_UNUSED_FUNCTION = YES;
				GCC_WARN_UNUSED_VARIABLE = YES;
				IPHONEOS_DEPLOYMENT_TARGET = 17.2;
				LOCALIZATION_PREFERS_STRING_CATALOGS = YES;
				MTL_ENABLE_DEBUG_INFO = NO;
				MTL_FAST_MATH = YES;
				SDKROOT = iphoneos;
				SWIFT_COMPILATION_MODE = wholemodule;
				VALIDATE_PRODUCT = YES;
			};
			name = Release;
		};
		6C69434D2B5A12D00009FF90 /* Debug */ = {
			isa = XCBuildConfiguration;
			buildSettings = {
				ASSETCATALOG_COMPILER_APPICON_NAME = AppIcon;
				ASSETCATALOG_COMPILER_GLOBAL_ACCENT_COLOR_NAME = AccentColor;
				CODE_SIGN_STYLE = Automatic;
				CURRENT_PROJECT_VERSION = 1;
				DEVELOPMENT_ASSET_PATHS = "\"MoviesDemo/Preview Content\"";
				DEVELOPMENT_TEAM = 345UR7Z9A7;
				ENABLE_PREVIEWS = YES;
				GENERATE_INFOPLIST_FILE = YES;
				INFOPLIST_KEY_UIApplicationSceneManifest_Generation = YES;
				INFOPLIST_KEY_UIApplicationSupportsIndirectInputEvents = YES;
				INFOPLIST_KEY_UILaunchScreen_Generation = YES;
				INFOPLIST_KEY_UISupportedInterfaceOrientations_iPad = "UIInterfaceOrientationPortrait UIInterfaceOrientationPortraitUpsideDown UIInterfaceOrientationLandscapeLeft UIInterfaceOrientationLandscapeRight";
				INFOPLIST_KEY_UISupportedInterfaceOrientations_iPhone = "UIInterfaceOrientationPortrait UIInterfaceOrientationLandscapeLeft UIInterfaceOrientationLandscapeRight";
				LD_RUNPATH_SEARCH_PATHS = (
					"$(inherited)",
					"@executable_path/Frameworks",
				);
				MARKETING_VERSION = 1.0;
				PRODUCT_BUNDLE_IDENTIFIER = com.rotadevsolutions.MoviesDemo;
				PRODUCT_NAME = "$(TARGET_NAME)";
				SWIFT_EMIT_LOC_STRINGS = YES;
				SWIFT_VERSION = 5.0;
				TARGETED_DEVICE_FAMILY = "1,2";
			};
			name = Debug;
		};
		6C69434E2B5A12D00009FF90 /* Release */ = {
			isa = XCBuildConfiguration;
			buildSettings = {
				ASSETCATALOG_COMPILER_APPICON_NAME = AppIcon;
				ASSETCATALOG_COMPILER_GLOBAL_ACCENT_COLOR_NAME = AccentColor;
				CODE_SIGN_STYLE = Automatic;
				CURRENT_PROJECT_VERSION = 1;
				DEVELOPMENT_ASSET_PATHS = "\"MoviesDemo/Preview Content\"";
				DEVELOPMENT_TEAM = 345UR7Z9A7;
				ENABLE_PREVIEWS = YES;
				GENERATE_INFOPLIST_FILE = YES;
				INFOPLIST_KEY_UIApplicationSceneManifest_Generation = YES;
				INFOPLIST_KEY_UIApplicationSupportsIndirectInputEvents = YES;
				INFOPLIST_KEY_UILaunchScreen_Generation = YES;
				INFOPLIST_KEY_UISupportedInterfaceOrientations_iPad = "UIInterfaceOrientationPortrait UIInterfaceOrientationPortraitUpsideDown UIInterfaceOrientationLandscapeLeft UIInterfaceOrientationLandscapeRight";
				INFOPLIST_KEY_UISupportedInterfaceOrientations_iPhone = "UIInterfaceOrientationPortrait UIInterfaceOrientationLandscapeLeft UIInterfaceOrientationLandscapeRight";
				LD_RUNPATH_SEARCH_PATHS = (
					"$(inherited)",
					"@executable_path/Frameworks",
				);
				MARKETING_VERSION = 1.0;
				PRODUCT_BUNDLE_IDENTIFIER = com.rotadevsolutions.MoviesDemo;
				PRODUCT_NAME = "$(TARGET_NAME)";
				SWIFT_EMIT_LOC_STRINGS = YES;
				SWIFT_VERSION = 5.0;
				TARGETED_DEVICE_FAMILY = "1,2";
			};
			name = Release;
		};
/* End XCBuildConfiguration section */

/* Begin XCConfigurationList section */
		6C6943392B5A12CE0009FF90 /* Build configuration list for PBXProject "MoviesDemo" */ = {
			isa = XCConfigurationList;
			buildConfigurations = (
				6C69434A2B5A12D00009FF90 /* Debug */,
				6C69434B2B5A12D00009FF90 /* Release */,
			);
			defaultConfigurationIsVisible = 0;
			defaultConfigurationName = Release;
		};
		6C69434C2B5A12D00009FF90 /* Build configuration list for PBXNativeTarget "MoviesDemo" */ = {
			isa = XCConfigurationList;
			buildConfigurations = (
				6C69434D2B5A12D00009FF90 /* Debug */,
				6C69434E2B5A12D00009FF90 /* Release */,
			);
			defaultConfigurationIsVisible = 0;
			defaultConfigurationName = Release;
		};
/* End XCConfigurationList section */

/* Begin XCRemoteSwiftPackageReference section */
		6C62ED612B5C3B0E00A3AC57 /* XCRemoteSwiftPackageReference "youtube-ios-player-helper" */ = {
			isa = XCRemoteSwiftPackageReference;
			repositoryURL = "https://github.com/youtube/youtube-ios-player-helper.git";
			requirement = {
				kind = upToNextMajorVersion;
				minimumVersion = 1.0.4;
			};
		};
		6C6943592B5A17C80009FF90 /* XCRemoteSwiftPackageReference "Kingfisher" */ = {
			isa = XCRemoteSwiftPackageReference;
			repositoryURL = "https://github.com/onevcat/Kingfisher.git";
			requirement = {
				kind = upToNextMajorVersion;
				minimumVersion = 7.10.2;
			};
		};
/* End XCRemoteSwiftPackageReference section */

/* Begin XCSwiftPackageProductDependency section */
		6C62ED622B5C3B0E00A3AC57 /* YouTubeiOSPlayerHelper */ = {
			isa = XCSwiftPackageProductDependency;
			package = 6C62ED612B5C3B0E00A3AC57 /* XCRemoteSwiftPackageReference "youtube-ios-player-helper" */;
			productName = YouTubeiOSPlayerHelper;
		};
		6C69435A2B5A17C80009FF90 /* Kingfisher */ = {
			isa = XCSwiftPackageProductDependency;
			package = 6C6943592B5A17C80009FF90 /* XCRemoteSwiftPackageReference "Kingfisher" */;
			productName = Kingfisher;
		};
/* End XCSwiftPackageProductDependency section */
	};
	rootObject = 6C6943362B5A12CE0009FF90 /* Project object */;
}
